// !$*UTF8*$!
{
	archiveVersion = 1;
	classes = {
	};
	objectVersion = 50;
	objects = {

/* Begin PBXBuildFile section */
		DC970DBE23830FDA00B9D4A9 /* AppDelegate.swift in Sources */ = {isa = PBXBuildFile; fileRef = DC970DBD23830FDA00B9D4A9 /* AppDelegate.swift */; };
		DC970DC023830FDA00B9D4A9 /* SceneDelegate.swift in Sources */ = {isa = PBXBuildFile; fileRef = DC970DBF23830FDA00B9D4A9 /* SceneDelegate.swift */; };
		DC970DC223830FDA00B9D4A9 /* ViewController.swift in Sources */ = {isa = PBXBuildFile; fileRef = DC970DC123830FDA00B9D4A9 /* ViewController.swift */; };
		DC970DC523830FDA00B9D4A9 /* Main.storyboard in Resources */ = {isa = PBXBuildFile; fileRef = DC970DC323830FDA00B9D4A9 /* Main.storyboard */; };
		DC970DC723830FDB00B9D4A9 /* Assets.xcassets in Resources */ = {isa = PBXBuildFile; fileRef = DC970DC623830FDB00B9D4A9 /* Assets.xcassets */; };
		DC970DCA23830FDB00B9D4A9 /* LaunchScreen.storyboard in Resources */ = {isa = PBXBuildFile; fileRef = DC970DC823830FDB00B9D4A9 /* LaunchScreen.storyboard */; };
		DC970DD723830FE800B9D4A9 /* AACalandarView.xib in Resources */ = {isa = PBXBuildFile; fileRef = DC970DD223830FE800B9D4A9 /* AACalandarView.xib */; };
		DC970DD823830FE800B9D4A9 /* AACalendar.xcassets in Resources */ = {isa = PBXBuildFile; fileRef = DC970DD423830FE800B9D4A9 /* AACalendar.xcassets */; };
		DC970DD923830FE800B9D4A9 /* CalenderVC.swift in Sources */ = {isa = PBXBuildFile; fileRef = DC970DD523830FE800B9D4A9 /* CalenderVC.swift */; };
		DC970DDA23830FE800B9D4A9 /* AACalendar.swift in Sources */ = {isa = PBXBuildFile; fileRef = DC970DD623830FE800B9D4A9 /* AACalendar.swift */; };
		DC970DDE2383103E00B9D4A9 /* MonthCell.xib in Resources */ = {isa = PBXBuildFile; fileRef = DC970DDC2383103E00B9D4A9 /* MonthCell.xib */; };
		DC970DDF2383103E00B9D4A9 /* MonthCell.swift in Sources */ = {isa = PBXBuildFile; fileRef = DC970DDD2383103E00B9D4A9 /* MonthCell.swift */; };
/* End PBXBuildFile section */

/* Begin PBXFileReference section */
		DC970DBA23830FDA00B9D4A9 /* Customcalendar.app */ = {isa = PBXFileReference; explicitFileType = wrapper.application; includeInIndex = 0; path = Customcalendar.app; sourceTree = BUILT_PRODUCTS_DIR; };
		DC970DBD23830FDA00B9D4A9 /* AppDelegate.swift */ = {isa = PBXFileReference; lastKnownFileType = sourcecode.swift; path = AppDelegate.swift; sourceTree = "<group>"; };
		DC970DBF23830FDA00B9D4A9 /* SceneDelegate.swift */ = {isa = PBXFileReference; lastKnownFileType = sourcecode.swift; path = SceneDelegate.swift; sourceTree = "<group>"; };
		DC970DC123830FDA00B9D4A9 /* ViewController.swift */ = {isa = PBXFileReference; lastKnownFileType = sourcecode.swift; path = ViewController.swift; sourceTree = "<group>"; };
		DC970DC423830FDA00B9D4A9 /* Base */ = {isa = PBXFileReference; lastKnownFileType = file.storyboard; name = Base; path = Base.lproj/Main.storyboard; sourceTree = "<group>"; };
		DC970DC623830FDB00B9D4A9 /* Assets.xcassets */ = {isa = PBXFileReference; lastKnownFileType = folder.assetcatalog; path = Assets.xcassets; sourceTree = "<group>"; };
		DC970DC923830FDB00B9D4A9 /* Base */ = {isa = PBXFileReference; lastKnownFileType = file.storyboard; name = Base; path = Base.lproj/LaunchScreen.storyboard; sourceTree = "<group>"; };
		DC970DCB23830FDB00B9D4A9 /* Info.plist */ = {isa = PBXFileReference; lastKnownFileType = text.plist.xml; path = Info.plist; sourceTree = "<group>"; };
		DC970DD223830FE800B9D4A9 /* AACalandarView.xib */ = {isa = PBXFileReference; fileEncoding = 4; lastKnownFileType = file.xib; path = AACalandarView.xib; sourceTree = "<group>"; };
		DC970DD423830FE800B9D4A9 /* AACalendar.xcassets */ = {isa = PBXFileReference; lastKnownFileType = folder.assetcatalog; path = AACalendar.xcassets; sourceTree = "<group>"; };
		DC970DD523830FE800B9D4A9 /* CalenderVC.swift */ = {isa = PBXFileReference; fileEncoding = 4; lastKnownFileType = sourcecode.swift; path = CalenderVC.swift; sourceTree = "<group>"; };
		DC970DD623830FE800B9D4A9 /* AACalendar.swift */ = {isa = PBXFileReference; fileEncoding = 4; lastKnownFileType = sourcecode.swift; path = AACalendar.swift; sourceTree = "<group>"; };
		DC970DDC2383103E00B9D4A9 /* MonthCell.xib */ = {isa = PBXFileReference; fileEncoding = 4; lastKnownFileType = file.xib; path = MonthCell.xib; sourceTree = "<group>"; };
		DC970DDD2383103E00B9D4A9 /* MonthCell.swift */ = {isa = PBXFileReference; fileEncoding = 4; lastKnownFileType = sourcecode.swift; path = MonthCell.swift; sourceTree = "<group>"; };
/* End PBXFileReference section */

/* Begin PBXFrameworksBuildPhase section */
		DC970DB723830FDA00B9D4A9 /* Frameworks */ = {
			isa = PBXFrameworksBuildPhase;
			buildActionMask = 2147483647;
			files = (
			);
			runOnlyForDeploymentPostprocessing = 0;
		};
/* End PBXFrameworksBuildPhase section */

/* Begin PBXGroup section */
		DC970DB123830FDA00B9D4A9 = {
			isa = PBXGroup;
			children = (
				DC970DBC23830FDA00B9D4A9 /* Customcalendar */,
				DC970DBB23830FDA00B9D4A9 /* Products */,
			);
			sourceTree = "<group>";
		};
		DC970DBB23830FDA00B9D4A9 /* Products */ = {
			isa = PBXGroup;
			children = (
				DC970DBA23830FDA00B9D4A9 /* Customcalendar.app */,
			);
			name = Products;
			sourceTree = "<group>";
		};
		DC970DBC23830FDA00B9D4A9 /* Customcalendar */ = {
			isa = PBXGroup;
			children = (
				DC970DDB2383103E00B9D4A9 /* CalenderCell */,
				DC970DD123830FE800B9D4A9 /* CalenderVC */,
				DC970DBD23830FDA00B9D4A9 /* AppDelegate.swift */,
				DC970DBF23830FDA00B9D4A9 /* SceneDelegate.swift */,
				DC970DC123830FDA00B9D4A9 /* ViewController.swift */,
				DC970DC323830FDA00B9D4A9 /* Main.storyboard */,
				DC970DC623830FDB00B9D4A9 /* Assets.xcassets */,
				DC970DC823830FDB00B9D4A9 /* LaunchScreen.storyboard */,
				DC970DCB23830FDB00B9D4A9 /* Info.plist */,
			);
			path = Customcalendar;
			sourceTree = "<group>";
		};
		DC970DD123830FE800B9D4A9 /* CalenderVC */ = {
			isa = PBXGroup;
			children = (
				DC970DD223830FE800B9D4A9 /* AACalandarView.xib */,
				DC970DD323830FE800B9D4A9 /* Images */,
				DC970DD523830FE800B9D4A9 /* CalenderVC.swift */,
				DC970DD623830FE800B9D4A9 /* AACalendar.swift */,
			);
			path = CalenderVC;
			sourceTree = "<group>";
		};
		DC970DD323830FE800B9D4A9 /* Images */ = {
			isa = PBXGroup;
			children = (
				DC970DD423830FE800B9D4A9 /* AACalendar.xcassets */,
			);
			path = Images;
			sourceTree = "<group>";
		};
		DC970DDB2383103E00B9D4A9 /* CalenderCell */ = {
			isa = PBXGroup;
			children = (
				DC970DDC2383103E00B9D4A9 /* MonthCell.xib */,
				DC970DDD2383103E00B9D4A9 /* MonthCell.swift */,
			);
			path = CalenderCell;
			sourceTree = "<group>";
		};
/* End PBXGroup section */

/* Begin PBXNativeTarget section */
		DC970DB923830FDA00B9D4A9 /* Customcalendar */ = {
			isa = PBXNativeTarget;
			buildConfigurationList = DC970DCE23830FDB00B9D4A9 /* Build configuration list for PBXNativeTarget "Customcalendar" */;
			buildPhases = (
				DC970DB623830FDA00B9D4A9 /* Sources */,
				DC970DB723830FDA00B9D4A9 /* Frameworks */,
				DC970DB823830FDA00B9D4A9 /* Resources */,
			);
			buildRules = (
			);
			dependencies = (
			);
			name = Customcalendar;
			productName = Customcalendar;
			productReference = DC970DBA23830FDA00B9D4A9 /* Customcalendar.app */;
			productType = "com.apple.product-type.application";
		};
/* End PBXNativeTarget section */

/* Begin PBXProject section */
		DC970DB223830FDA00B9D4A9 /* Project object */ = {
			isa = PBXProject;
			attributes = {
				LastSwiftUpdateCheck = 1100;
				LastUpgradeCheck = 1100;
				ORGANIZATIONNAME = "Aman Aggarwal";
				TargetAttributes = {
					DC970DB923830FDA00B9D4A9 = {
						CreatedOnToolsVersion = 11.0;
					};
				};
			};
			buildConfigurationList = DC970DB523830FDA00B9D4A9 /* Build configuration list for PBXProject "Customcalendar" */;
			compatibilityVersion = "Xcode 9.3";
			developmentRegion = en;
			hasScannedForEncodings = 0;
			knownRegions = (
				en,
				Base,
			);
			mainGroup = DC970DB123830FDA00B9D4A9;
			productRefGroup = DC970DBB23830FDA00B9D4A9 /* Products */;
			projectDirPath = "";
			projectRoot = "";
			targets = (
				DC970DB923830FDA00B9D4A9 /* Customcalendar */,
			);
		};
/* End PBXProject section */

/* Begin PBXResourcesBuildPhase section */
		DC970DB823830FDA00B9D4A9 /* Resources */ = {
			isa = PBXResourcesBuildPhase;
			buildActionMask = 2147483647;
			files = (
				DC970DDE2383103E00B9D4A9 /* MonthCell.xib in Resources */,
				DC970DCA23830FDB00B9D4A9 /* LaunchScreen.storyboard in Resources */,
				DC970DD823830FE800B9D4A9 /* AACalendar.xcassets in Resources */,
				DC970DC723830FDB00B9D4A9 /* Assets.xcassets in Resources */,
				DC970DD723830FE800B9D4A9 /* AACalandarView.xib in Resources */,
				DC970DC523830FDA00B9D4A9 /* Main.storyboard in Resources */,
			);
			runOnlyForDeploymentPostprocessing = 0;
		};
/* End PBXResourcesBuildPhase section */

/* Begin PBXSourcesBuildPhase section */
		DC970DB623830FDA00B9D4A9 /* Sources */ = {
			isa = PBXSourcesBuildPhase;
			buildActionMask = 2147483647;
			files = (
				DC970DDF2383103E00B9D4A9 /* MonthCell.swift in Sources */,
				DC970DC223830FDA00B9D4A9 /* ViewController.swift in Sources */,
				DC970DBE23830FDA00B9D4A9 /* AppDelegate.swift in Sources */,
				DC970DD923830FE800B9D4A9 /* CalenderVC.swift in Sources */,
				DC970DC023830FDA00B9D4A9 /* SceneDelegate.swift in Sources */,
				DC970DDA23830FE800B9D4A9 /* AACalendar.swift in Sources */,
			);
			runOnlyForDeploymentPostprocessing = 0;
		};
/* End PBXSourcesBuildPhase section */

/* Begin PBXVariantGroup section */
		DC970DC323830FDA00B9D4A9 /* Main.storyboard */ = {
			isa = PBXVariantGroup;
			children = (
				DC970DC423830FDA00B9D4A9 /* Base */,
			);
			name = Main.storyboard;
			sourceTree = "<group>";
		};
		DC970DC823830FDB00B9D4A9 /* LaunchScreen.storyboard */ = {
			isa = PBXVariantGroup;
			children = (
				DC970DC923830FDB00B9D4A9 /* Base */,
			);
			name = LaunchScreen.storyboard;
			sourceTree = "<group>";
		};
/* End PBXVariantGroup section */

/* Begin XCBuildConfiguration section */
		DC970DCC23830FDB00B9D4A9 /* Debug */ = {
			isa = XCBuildConfiguration;
			buildSettings = {
				ALWAYS_SEARCH_USER_PATHS = NO;
				CLANG_ANALYZER_NONNULL = YES;
				CLANG_ANALYZER_NUMBER_OBJECT_CONVERSION = YES_AGGRESSIVE;
				CLANG_CXX_LANGUAGE_STANDARD = "gnu++14";
				CLANG_CXX_LIBRARY = "libc++";
				CLANG_ENABLE_MODULES = YES;
				CLANG_ENABLE_OBJC_ARC = YES;
				CLANG_ENABLE_OBJC_WEAK = YES;
				CLANG_WARN_BLOCK_CAPTURE_AUTORELEASING = YES;
				CLANG_WARN_BOOL_CONVERSION = YES;
				CLANG_WARN_COMMA = YES;
				CLANG_WARN_CONSTANT_CONVERSION = YES;
				CLANG_WARN_DEPRECATED_OBJC_IMPLEMENTATIONS = YES;
				CLANG_WARN_DIRECT_OBJC_ISA_USAGE = YES_ERROR;
				CLANG_WARN_DOCUMENTATION_COMMENTS = YES;
				CLANG_WARN_EMPTY_BODY = YES;
				CLANG_WARN_ENUM_CONVERSION = YES;
				CLANG_WARN_INFINITE_RECURSION = YES;
				CLANG_WARN_INT_CONVERSION = YES;
				CLANG_WARN_NON_LITERAL_NULL_CONVERSION = YES;
				CLANG_WARN_OBJC_IMPLICIT_RETAIN_SELF = YES;
				CLANG_WARN_OBJC_LITERAL_CONVERSION = YES;
				CLANG_WARN_OBJC_ROOT_CLASS = YES_ERROR;
				CLANG_WARN_RANGE_LOOP_ANALYSIS = YES;
				CLANG_WARN_STRICT_PROTOTYPES = YES;
				CLANG_WARN_SUSPICIOUS_MOVE = YES;
				CLANG_WARN_UNGUARDED_AVAILABILITY = YES_AGGRESSIVE;
				CLANG_WARN_UNREACHABLE_CODE = YES;
				CLANG_WARN__DUPLICATE_METHOD_MATCH = YES;
				COPY_PHASE_STRIP = NO;
				DEBUG_INFORMATION_FORMAT = dwarf;
				ENABLE_STRICT_OBJC_MSGSEND = YES;
				ENABLE_TESTABILITY = YES;
				GCC_C_LANGUAGE_STANDARD = gnu11;
				GCC_DYNAMIC_NO_PIC = NO;
				GCC_NO_COMMON_BLOCKS = YES;
				GCC_OPTIMIZATION_LEVEL = 0;
				GCC_PREPROCESSOR_DEFINITIONS = (
					"DEBUG=1",
					"$(inherited)",
				);
				GCC_WARN_64_TO_32_BIT_CONVERSION = YES;
				GCC_WARN_ABOUT_RETURN_TYPE = YES_ERROR;
				GCC_WARN_UNDECLARED_SELECTOR = YES;
				GCC_WARN_UNINITIALIZED_AUTOS = YES_AGGRESSIVE;
				GCC_WARN_UNUSED_FUNCTION = YES;
				GCC_WARN_UNUSED_VARIABLE = YES;
				IPHONEOS_DEPLOYMENT_TARGET = 13.0;
				MTL_ENABLE_DEBUG_INFO = INCLUDE_SOURCE;
				MTL_FAST_MATH = YES;
				ONLY_ACTIVE_ARCH = YES;
				SDKROOT = iphoneos;
				SWIFT_ACTIVE_COMPILATION_CONDITIONS = DEBUG;
				SWIFT_OPTIMIZATION_LEVEL = "-Onone";
			};
			name = Debug;
		};
		DC970DCD23830FDB00B9D4A9 /* Release */ = {
			isa = XCBuildConfiguration;
			buildSettings = {
				ALWAYS_SEARCH_USER_PATHS = NO;
				CLANG_ANALYZER_NONNULL = YES;
				CLANG_ANALYZER_NUMBER_OBJECT_CONVERSION = YES_AGGRESSIVE;
				CLANG_CXX_LANGUAGE_STANDARD = "gnu++14";
				CLANG_CXX_LIBRARY = "libc++";
				CLANG_ENABLE_MODULES = YES;
				CLANG_ENABLE_OBJC_ARC = YES;
				CLANG_ENABLE_OBJC_WEAK = YES;
				CLANG_WARN_BLOCK_CAPTURE_AUTORELEASING = YES;
				CLANG_WARN_BOOL_CONVERSION = YES;
				CLANG_WARN_COMMA = YES;
				CLANG_WARN_CONSTANT_CONVERSION = YES;
				CLANG_WARN_DEPRECATED_OBJC_IMPLEMENTATIONS = YES;
				CLANG_WARN_DIRECT_OBJC_ISA_USAGE = YES_ERROR;
				CLANG_WARN_DOCUMENTATION_COMMENTS = YES;
				CLANG_WARN_EMPTY_BODY = YES;
				CLANG_WARN_ENUM_CONVERSION = YES;
				CLANG_WARN_INFINITE_RECURSION = YES;
				CLANG_WARN_INT_CONVERSION = YES;
				CLANG_WARN_NON_LITERAL_NULL_CONVERSION = YES;
				CLANG_WARN_OBJC_IMPLICIT_RETAIN_SELF = YES;
				CLANG_WARN_OBJC_LITERAL_CONVERSION = YES;
				CLANG_WARN_OBJC_ROOT_CLASS = YES_ERROR;
				CLANG_WARN_RANGE_LOOP_ANALYSIS = YES;
				CLANG_WARN_STRICT_PROTOTYPES = YES;
				CLANG_WARN_SUSPICIOUS_MOVE = YES;
				CLANG_WARN_UNGUARDED_AVAILABILITY = YES_AGGRESSIVE;
				CLANG_WARN_UNREACHABLE_CODE = YES;
				CLANG_WARN__DUPLICATE_METHOD_MATCH = YES;
				COPY_PHASE_STRIP = NO;
				DEBUG_INFORMATION_FORMAT = "dwarf-with-dsym";
				ENABLE_NS_ASSERTIONS = NO;
				ENABLE_STRICT_OBJC_MSGSEND = YES;
				GCC_C_LANGUAGE_STANDARD = gnu11;
				GCC_NO_COMMON_BLOCKS = YES;
				GCC_WARN_64_TO_32_BIT_CONVERSION = YES;
				GCC_WARN_ABOUT_RETURN_TYPE = YES_ERROR;
				GCC_WARN_UNDECLARED_SELECTOR = YES;
				GCC_WARN_UNINITIALIZED_AUTOS = YES_AGGRESSIVE;
				GCC_WARN_UNUSED_FUNCTION = YES;
				GCC_WARN_UNUSED_VARIABLE = YES;
				IPHONEOS_DEPLOYMENT_TARGET = 13.0;
				MTL_ENABLE_DEBUG_INFO = NO;
				MTL_FAST_MATH = YES;
				SDKROOT = iphoneos;
				SWIFT_COMPILATION_MODE = wholemodule;
				SWIFT_OPTIMIZATION_LEVEL = "-O";
				VALIDATE_PRODUCT = YES;
			};
			name = Release;
		};
		DC970DCF23830FDB00B9D4A9 /* Debug */ = {
			isa = XCBuildConfiguration;
			buildSettings = {
				ASSETCATALOG_COMPILER_APPICON_NAME = AppIcon;
				CODE_SIGN_STYLE = Automatic;
				INFOPLIST_FILE = Customcalendar/Info.plist;
				LD_RUNPATH_SEARCH_PATHS = (
					"$(inherited)",
					"@executable_path/Frameworks",
				);
				PRODUCT_BUNDLE_IDENTIFIER = com.iostutorialjunction.Customcalendar;
				PRODUCT_NAME = "$(TARGET_NAME)";
				SWIFT_VERSION = 5.0;
				TARGETED_DEVICE_FAMILY = "1,2";
			};
			name = Debug;
		};
		DC970DD023830FDB00B9D4A9 /* Release */ = {
			isa = XCBuildConfiguration;
			buildSettings = {
				ASSETCATALOG_COMPILER_APPICON_NAME = AppIcon;
				CODE_SIGN_STYLE = Automatic;
				INFOPLIST_FILE = Customcalendar/Info.plist;
				LD_RUNPATH_SEARCH_PATHS = (
					"$(inherited)",
					"@executable_path/Frameworks",
				);
				PRODUCT_BUNDLE_IDENTIFIER = com.iostutorialjunction.Customcalendar;
				PRODUCT_NAME = "$(TARGET_NAME)";
				SWIFT_VERSION = 5.0;
				TARGETED_DEVICE_FAMILY = "1,2";
			};
			name = Release;
		};
/* End XCBuildConfiguration section */

/* Begin XCConfigurationList section */
		DC970DB523830FDA00B9D4A9 /* Build configuration list for PBXProject "Customcalendar" */ = {
			isa = XCConfigurationList;
			buildConfigurations = (
				DC970DCC23830FDB00B9D4A9 /* Debug */,
				DC970DCD23830FDB00B9D4A9 /* Release */,
			);
			defaultConfigurationIsVisible = 0;
			defaultConfigurationName = Release;
		};
		DC970DCE23830FDB00B9D4A9 /* Build configuration list for PBXNativeTarget "Customcalendar" */ = {
			isa = XCConfigurationList;
			buildConfigurations = (
				DC970DCF23830FDB00B9D4A9 /* Debug */,
				DC970DD023830FDB00B9D4A9 /* Release */,
			);
			defaultConfigurationIsVisible = 0;
			defaultConfigurationName = Release;
		};
/* End XCConfigurationList section */
	};
	rootObject = DC970DB223830FDA00B9D4A9 /* Project object */;
}
